
Microsoft Visual Studio Solution File, Format Version 12.00
# Visual Studio Version 16
VisualStudioVersion = 16.0.29009.5
MinimumVisualStudioVersion = 10.0.40219.1
Project("{FAE04EC0-301F-11D3-BF4B-00C04F79EFBC}") = "SpecFlowTests", "SpecFlowTests.csproj", "{644435A7-F111-4BD4-A939-1B0E084EA350}"
EndProject
Project("{FAE04EC0-301F-11D3-BF4B-00C04F79EFBC}") = "Selenium", "..\SpecFlow\Selenium.csproj", "{98447A10-3E9C-40FE-89F2-25547C57C229}"
EndProject
Global
	GlobalSection(SolutionConfigurationPlatforms) = preSolution
		Debug|Any CPU = Debug|Any CPU
		Release|Any CPU = Release|Any CPU
	EndGlobalSection
	GlobalSection(ProjectConfigurationPlatforms) = postSolution
		{644435A7-F111-4BD4-A939-1B0E084EA350}.Debug|Any CPU.ActiveCfg = Debug|Any CPU
		{644435A7-F111-4BD4-A939-1B0E084EA350}.Debug|Any CPU.Build.0 = Debug|Any CPU
		{644435A7-F111-4BD4-A939-1B0E084EA350}.Release|Any CPU.ActiveCfg = Release|Any CPU
		{644435A7-F111-4BD4-A939-1B0E084EA350}.Release|Any CPU.Build.0 = Release|Any CPU
		{98447A10-3E9C-40FE-89F2-25547C57C229}.Debug|Any CPU.ActiveCfg = Debug|Any CPU
		{98447A10-3E9C-40FE-89F2-25547C57C229}.Debug|Any CPU.Build.0 = Debug|Any CPU
		{98447A10-3E9C-40FE-89F2-25547C57C229}.Release|Any CPU.ActiveCfg = Release|Any CPU
		{98447A10-3E9C-40FE-89F2-25547C57C229}.Release|Any CPU.Build.0 = Release|Any CPU
	EndGlobalSection
	GlobalSection(SolutionProperties) = preSolution
		HideSolutionNode = FALSE
	EndGlobalSection
	GlobalSection(ExtensibilityGlobals) = postSolution
		SolutionGuid = {BFB998D3-2FC3-41F1-BB68-326B47402006}
	EndGlobalSection
EndGlobal
